#
# This file is autogenerated by pip-compile with Python 3.13
# by the following command:
#
#    pip-compile --output-file=requirements-runtime.lock --strip-extras requirements-runtime.in
#
alembic==1.18.5
    # via -r requirements-runtime.in
annotated-doc==0.0.4
    # via fastapi
annotated-types==0.7.0
    # via pydantic
anyio==4.14.1
    # via
    #   httpx
    #   starlette
asyncpg==0.31.0
    # via -r requirements-runtime.in
attrs==26.1.0
    # via
    #   jsonschema
    #   referencing
boto3==1.43.45
    # via -r requirements-runtime.in
botocore==1.43.45
    # via
    #   boto3
    #   s3transfer
certifi==2026.6.17
    # via
    #   httpcore
    #   httpx
    #   requests
cffi==2.1.0
    # via cryptography
charset-normalizer==3.4.9
    # via requests
click==8.4.2
    # via
    #   schemathesis
    #   uvicorn
colorama==0.4.6
    # via
    #   click
    #   pytest
cryptography==49.0.0
    # via joserfc
fastapi==0.139.0
    # via -r requirements-runtime.in
googleapis-common-protos==1.75.0
    # via opentelemetry-exporter-otlp-proto-grpc
graphql-core==3.2.11
    # via hypothesis-graphql
greenlet==3.5.3
    # via sqlalchemy
grpcio==1.82.1
    # via opentelemetry-exporter-otlp-proto-grpc
h11==0.16.0
    # via
    #   httpcore
    #   uvicorn
harfile==0.5.0
    # via schemathesis
httpcore==1.0.9
    # via httpx
httpx==0.28.1
    # via -r requirements-runtime.in
hypothesis==6.156.6
    # via
    #   hypothesis-graphql
    #   hypothesis-jsonschema
    #   schemathesis
hypothesis-graphql==0.13.0
    # via schemathesis
hypothesis-jsonschema==0.23.1
    # via schemathesis
idna==3.18
    # via
    #   anyio
    #   httpx
    #   requests
iniconfig==2.3.0
    # via pytest
jmespath==1.1.0
    # via
    #   boto3
    #   botocore
joserfc==1.7.3
    # via -r requirements-runtime.in
jsonschema==4.26.0
    # via hypothesis-jsonschema
jsonschema-rs==0.47.0
    # via schemathesis
jsonschema-specifications==2025.9.1
    # via jsonschema
mako==1.3.12
    # via alembic
markdown-it-py==4.2.0
    # via rich
markupsafe==3.0.3
    # via
    #   mako
    #   werkzeug
mdurl==0.1.2
    # via markdown-it-py
nexus-rpc==1.4.0
    # via temporalio
opentelemetry-api==1.42.1
    # via
    #   -r requirements-runtime.in
    #   opentelemetry-exporter-otlp-proto-grpc
    #   opentelemetry-sdk
    #   opentelemetry-semantic-conventions
opentelemetry-exporter-otlp-proto-common==1.42.1
    # via opentelemetry-exporter-otlp-proto-grpc
opentelemetry-exporter-otlp-proto-grpc==1.42.1
    # via -r requirements-runtime.in
opentelemetry-proto==1.42.1
    # via
    #   opentelemetry-exporter-otlp-proto-common
    #   opentelemetry-exporter-otlp-proto-grpc
opentelemetry-sdk==1.42.1
    # via
    #   -r requirements-runtime.in
    #   opentelemetry-exporter-otlp-proto-grpc
opentelemetry-semantic-conventions==0.63b1
    # via opentelemetry-sdk
packaging==26.2
    # via pytest
pluggy==1.6.0
    # via pytest
protobuf==6.33.6
    # via
    #   googleapis-common-protos
    #   opentelemetry-proto
    #   temporalio
pycparser==3.0
    # via cffi
pydantic==2.13.4
    # via
    #   -r requirements-runtime.in
    #   fastapi
pydantic-core==2.46.4
    # via pydantic
pygments==2.20.0
    # via
    #   pytest
    #   rich
pyrate-limiter==4.4.0
    # via schemathesis
pytest==9.1.1
    # via schemathesis
python-dateutil==2.9.0.post0
    # via botocore
pyyaml==6.0.3
    # via schemathesis
referencing==0.37.0
    # via
    #   jsonschema
    #   jsonschema-specifications
requests==2.34.2
    # via
    #   schemathesis
    #   starlette-testclient
rich==15.0.0
    # via schemathesis
rpds-py==2026.6.3
    # via
    #   jsonschema
    #   referencing
s3transfer==0.19.0
    # via boto3
schemathesis==4.22.4
    # via -r requirements-runtime.in
six==1.17.0
    # via python-dateutil
sortedcontainers==2.4.0
    # via hypothesis
sqlalchemy==2.0.51
    # via
    #   -r requirements-runtime.in
    #   alembic
starlette==1.3.1
    # via
    #   fastapi
    #   starlette-testclient
starlette-testclient==0.4.1
    # via schemathesis
temporalio==1.30.0
    # via -r requirements-runtime.in
types-protobuf==7.34.1.20260518
    # via temporalio
typing-extensions==4.16.0
    # via
    #   alembic
    #   fastapi
    #   grpcio
    #   nexus-rpc
    #   opentelemetry-api
    #   opentelemetry-exporter-otlp-proto-grpc
    #   opentelemetry-sdk
    #   opentelemetry-semantic-conventions
    #   pydantic
    #   pydantic-core
    #   schemathesis
    #   sqlalchemy
    #   temporalio
    #   typing-inspection
typing-inspection==0.4.2
    # via
    #   fastapi
    #   pydantic
urllib3==2.7.0
    # via
    #   botocore
    #   requests
uvicorn==0.51.0
    # via -r requirements-runtime.in
werkzeug==3.1.8
    # via schemathesis
