#
# This file is autogenerated by pip-compile with Python 3.13
# by the following command:
#
#    pip-compile --constraint=requirements-runtime.lock --output-file=requirements-dev.lock --strip-extras requirements-dev.txt
#
ast-serialize==0.8.0
    # via mypy
cfgv==3.5.0
    # via pre-commit
colorama==0.4.6
    # via
    #   -c requirements-runtime.lock
    #   pytest
distlib==0.4.3
    # via virtualenv
filelock==3.29.6
    # via
    #   python-discovery
    #   virtualenv
identify==2.6.19
    # via pre-commit
iniconfig==2.3.0
    # via
    #   -c requirements-runtime.lock
    #   pytest
librt==0.15.0
    # via mypy
mypy==2.3.1
    # via -r requirements-dev.txt
mypy-baseline==0.7.4
    # via -r requirements-dev.txt
mypy-extensions==1.1.0
    # via mypy
nodeenv==1.10.0
    # via pre-commit
packaging==26.2
    # via
    #   -c requirements-runtime.lock
    #   pytest
pathspec==1.1.1
    # via mypy
platformdirs==4.10.0
    # via
    #   python-discovery
    #   virtualenv
pluggy==1.6.0
    # via
    #   -c requirements-runtime.lock
    #   pytest
pre-commit==4.6.0
    # via -r requirements-dev.txt
pygments==2.20.0
    # via
    #   -c requirements-runtime.lock
    #   pytest
pytest==9.1.1
    # via
    #   -c requirements-runtime.lock
    #   -r requirements-dev.txt
python-discovery==1.4.3
    # via virtualenv
pyyaml==6.0.3
    # via
    #   -c requirements-runtime.lock
    #   pre-commit
ruff==0.16.4
    # via -r requirements-dev.txt
typing-extensions==4.16.0
    # via
    #   -c requirements-runtime.lock
    #   mypy
virtualenv==21.6.0
    # via pre-commit
